// !$*UTF8*$!
{
	archiveVersion = 1;
	classes = {
	};
	objectVersion = 46;
	objects = {

/* Begin PBXBuildFile section */
		E91B712819C8F2D700BC88A4 /* Konashi+ACDrive.h in CopyFiles */ = {isa = PBXBuildFile; fileRef = E91E54B719C8F2850071D7C9 /* Konashi+ACDrive.h */; };
		E91B712919C8F2D700BC88A4 /* Konashi+ADC.h in CopyFiles */ = {isa = PBXBuildFile; fileRef = E91E54B919C8F2850071D7C9 /* Konashi+ADC.h */; };
		E91B712A19C8F2D700BC88A4 /* Konashi+Grove.h in CopyFiles */ = {isa = PBXBuildFile; fileRef = E91E54BB19C8F2850071D7C9 /* Konashi+Grove.h */; };
		E91B712B19C8F2D700BC88A4 /* Konashi+UI.h in CopyFiles */ = {isa = PBXBuildFile; fileRef = E91E54BD19C8F2850071D7C9 /* Konashi+UI.h */; };
		E91B712C19C8F2D700BC88A4 /* KonashiDb.h in CopyFiles */ = {isa = PBXBuildFile; fileRef = E91E54BF19C8F2850071D7C9 /* KonashiDb.h */; };
		E91B713219C8F38100BC88A4 /* UIKit.framework in Frameworks */ = {isa = PBXBuildFile; fileRef = E91B713119C8F38100BC88A4 /* UIKit.framework */; };
		E91E549219C8F2750071D7C9 /* Foundation.framework in Frameworks */ = {isa = PBXBuildFile; fileRef = E91E549119C8F2750071D7C9 /* Foundation.framework */; };
		E91E549719C8F2750071D7C9 /* Konashi.h in CopyFiles */ = {isa = PBXBuildFile; fileRef = E91E549619C8F2750071D7C9 /* Konashi.h */; };
		E91E549919C8F2750071D7C9 /* Konashi.m in Sources */ = {isa = PBXBuildFile; fileRef = E91E549819C8F2750071D7C9 /* Konashi.m */; };
		E91E54A019C8F2750071D7C9 /* XCTest.framework in Frameworks */ = {isa = PBXBuildFile; fileRef = E91E549F19C8F2750071D7C9 /* XCTest.framework */; };
		E91E54A119C8F2750071D7C9 /* Foundation.framework in Frameworks */ = {isa = PBXBuildFile; fileRef = E91E549119C8F2750071D7C9 /* Foundation.framework */; };
		E91E54A319C8F2750071D7C9 /* UIKit.framework in Frameworks */ = {isa = PBXBuildFile; fileRef = E91E54A219C8F2750071D7C9 /* UIKit.framework */; };
		E91E54A619C8F2750071D7C9 /* libKonashi.a in Frameworks */ = {isa = PBXBuildFile; fileRef = E91E548E19C8F2750071D7C9 /* libKonashi.a */; };
		E91E54AC19C8F2750071D7C9 /* InfoPlist.strings in Resources */ = {isa = PBXBuildFile; fileRef = E91E54AA19C8F2750071D7C9 /* InfoPlist.strings */; };
		E91E54AE19C8F2750071D7C9 /* KonashiTests.m in Sources */ = {isa = PBXBuildFile; fileRef = E91E54AD19C8F2750071D7C9 /* KonashiTests.m */; };
		E91E54C019C8F2850071D7C9 /* Konashi+ACDrive.m in Sources */ = {isa = PBXBuildFile; fileRef = E91E54B819C8F2850071D7C9 /* Konashi+ACDrive.m */; };
		E91E54C119C8F2850071D7C9 /* Konashi+ADC.m in Sources */ = {isa = PBXBuildFile; fileRef = E91E54BA19C8F2850071D7C9 /* Konashi+ADC.m */; };
		E91E54C219C8F2850071D7C9 /* Konashi+Grove.m in Sources */ = {isa = PBXBuildFile; fileRef = E91E54BC19C8F2850071D7C9 /* Konashi+Grove.m */; };
		E91E54C319C8F2850071D7C9 /* Konashi+UI.m in Sources */ = {isa = PBXBuildFile; fileRef = E91E54BE19C8F2850071D7C9 /* Konashi+UI.m */; };
/* End PBXBuildFile section */

/* Begin PBXContainerItemProxy section */
		E91E54A419C8F2750071D7C9 /* PBXContainerItemProxy */ = {
			isa = PBXContainerItemProxy;
			containerPortal = E91E548619C8F2750071D7C9 /* Project object */;
			proxyType = 1;
			remoteGlobalIDString = E91E548D19C8F2750071D7C9;
			remoteInfo = Konashi;
		};
/* End PBXContainerItemProxy section */

/* Begin PBXCopyFilesBuildPhase section */
		E91E548C19C8F2750071D7C9 /* CopyFiles */ = {
			isa = PBXCopyFilesBuildPhase;
			buildActionMask = 2147483647;
			dstPath = "include/$(PRODUCT_NAME)";
			dstSubfolderSpec = 16;
			files = (
				E91E549719C8F2750071D7C9 /* Konashi.h in CopyFiles */,
				E91B712819C8F2D700BC88A4 /* Konashi+ACDrive.h in CopyFiles */,
				E91B712919C8F2D700BC88A4 /* Konashi+ADC.h in CopyFiles */,
				E91B712A19C8F2D700BC88A4 /* Konashi+Grove.h in CopyFiles */,
				E91B712B19C8F2D700BC88A4 /* Konashi+UI.h in CopyFiles */,
				E91B712C19C8F2D700BC88A4 /* KonashiDb.h in CopyFiles */,
			);
			runOnlyForDeploymentPostprocessing = 0;
		};
/* End PBXCopyFilesBuildPhase section */

/* Begin PBXFileReference section */
		E91B713119C8F38100BC88A4 /* UIKit.framework */ = {isa = PBXFileReference; lastKnownFileType = wrapper.framework; name = UIKit.framework; path = System/Library/Frameworks/UIKit.framework; sourceTree = SDKROOT; };
		E91E548E19C8F2750071D7C9 /* libKonashi.a */ = {isa = PBXFileReference; explicitFileType = archive.ar; includeInIndex = 0; path = libKonashi.a; sourceTree = BUILT_PRODUCTS_DIR; };
		E91E549119C8F2750071D7C9 /* Foundation.framework */ = {isa = PBXFileReference; lastKnownFileType = wrapper.framework; name = Foundation.framework; path = System/Library/Frameworks/Foundation.framework; sourceTree = SDKROOT; };
		E91E549519C8F2750071D7C9 /* Konashi-Prefix.pch */ = {isa = PBXFileReference; lastKnownFileType = sourcecode.c.h; path = "Konashi-Prefix.pch"; sourceTree = "<group>"; };
		E91E549619C8F2750071D7C9 /* Konashi.h */ = {isa = PBXFileReference; lastKnownFileType = sourcecode.c.h; path = Konashi.h; sourceTree = "<group>"; };
		E91E549819C8F2750071D7C9 /* Konashi.m */ = {isa = PBXFileReference; lastKnownFileType = sourcecode.c.objc; path = Konashi.m; sourceTree = "<group>"; };
		E91E549E19C8F2750071D7C9 /* KonashiTests.xctest */ = {isa = PBXFileReference; explicitFileType = wrapper.cfbundle; includeInIndex = 0; path = KonashiTests.xctest; sourceTree = BUILT_PRODUCTS_DIR; };
		E91E549F19C8F2750071D7C9 /* XCTest.framework */ = {isa = PBXFileReference; lastKnownFileType = wrapper.framework; name = XCTest.framework; path = Library/Frameworks/XCTest.framework; sourceTree = DEVELOPER_DIR; };
		E91E54A219C8F2750071D7C9 /* UIKit.framework */ = {isa = PBXFileReference; lastKnownFileType = wrapper.framework; name = UIKit.framework; path = Library/Frameworks/UIKit.framework; sourceTree = DEVELOPER_DIR; };
		E91E54A919C8F2750071D7C9 /* KonashiTests-Info.plist */ = {isa = PBXFileReference; lastKnownFileType = text.plist.xml; path = "KonashiTests-Info.plist"; sourceTree = "<group>"; };
		E91E54AB19C8F2750071D7C9 /* en */ = {isa = PBXFileReference; lastKnownFileType = text.plist.strings; name = en; path = en.lproj/InfoPlist.strings; sourceTree = "<group>"; };
		E91E54AD19C8F2750071D7C9 /* KonashiTests.m */ = {isa = PBXFileReference; lastKnownFileType = sourcecode.c.objc; path = KonashiTests.m; sourceTree = "<group>"; };
		E91E54B719C8F2850071D7C9 /* Konashi+ACDrive.h */ = {isa = PBXFileReference; fileEncoding = 4; lastKnownFileType = sourcecode.c.h; path = "Konashi+ACDrive.h"; sourceTree = "<group>"; };
		E91E54B819C8F2850071D7C9 /* Konashi+ACDrive.m */ = {isa = PBXFileReference; fileEncoding = 4; lastKnownFileType = sourcecode.c.objc; path = "Konashi+ACDrive.m"; sourceTree = "<group>"; };
		E91E54B919C8F2850071D7C9 /* Konashi+ADC.h */ = {isa = PBXFileReference; fileEncoding = 4; lastKnownFileType = sourcecode.c.h; path = "Konashi+ADC.h"; sourceTree = "<group>"; };
		E91E54BA19C8F2850071D7C9 /* Konashi+ADC.m */ = {isa = PBXFileReference; fileEncoding = 4; lastKnownFileType = sourcecode.c.objc; path = "Konashi+ADC.m"; sourceTree = "<group>"; };
		E91E54BB19C8F2850071D7C9 /* Konashi+Grove.h */ = {isa = PBXFileReference; fileEncoding = 4; lastKnownFileType = sourcecode.c.h; path = "Konashi+Grove.h"; sourceTree = "<group>"; };
		E91E54BC19C8F2850071D7C9 /* Konashi+Grove.m */ = {isa = PBXFileReference; fileEncoding = 4; lastKnownFileType = sourcecode.c.objc; path = "Konashi+Grove.m"; sourceTree = "<group>"; };
		E91E54BD19C8F2850071D7C9 /* Konashi+UI.h */ = {isa = PBXFileReference; fileEncoding = 4; lastKnownFileType = sourcecode.c.h; path = "Konashi+UI.h"; sourceTree = "<group>"; };
		E91E54BE19C8F2850071D7C9 /* Konashi+UI.m */ = {isa = PBXFileReference; fileEncoding = 4; lastKnownFileType = sourcecode.c.objc; path = "Konashi+UI.m"; sourceTree = "<group>"; };
		E91E54BF19C8F2850071D7C9 /* KonashiDb.h */ = {isa = PBXFileReference; fileEncoding = 4; lastKnownFileType = sourcecode.c.h; path = KonashiDb.h; sourceTree = "<group>"; };
/* End PBXFileReference section */

/* Begin PBXFrameworksBuildPhase section */
		E91E548B19C8F2750071D7C9 /* Frameworks */ = {
			isa = PBXFrameworksBuildPhase;
			buildActionMask = 2147483647;
			files = (
				E91B713219C8F38100BC88A4 /* UIKit.framework in Frameworks */,
				E91E549219C8F2750071D7C9 /* Foundation.framework in Frameworks */,
			);
			runOnlyForDeploymentPostprocessing = 0;
		};
		E91E549B19C8F2750071D7C9 /* Frameworks */ = {
			isa = PBXFrameworksBuildPhase;
			buildActionMask = 2147483647;
			files = (
				E91E54A019C8F2750071D7C9 /* XCTest.framework in Frameworks */,
				E91E54A319C8F2750071D7C9 /* UIKit.framework in Frameworks */,
				E91E54A119C8F2750071D7C9 /* Foundation.framework in Frameworks */,
				E91E54A619C8F2750071D7C9 /* libKonashi.a in Frameworks */,
			);
			runOnlyForDeploymentPostprocessing = 0;
		};
/* End PBXFrameworksBuildPhase section */

/* Begin PBXGroup section */
		E91E548519C8F2750071D7C9 = {
			isa = PBXGroup;
			children = (
				E91E549319C8F2750071D7C9 /* Konashi */,
				E91E54A719C8F2750071D7C9 /* KonashiTests */,
				E91E549019C8F2750071D7C9 /* Frameworks */,
				E91E548F19C8F2750071D7C9 /* Products */,
			);
			sourceTree = "<group>";
		};
		E91E548F19C8F2750071D7C9 /* Products */ = {
			isa = PBXGroup;
			children = (
				E91E548E19C8F2750071D7C9 /* libKonashi.a */,
				E91E549E19C8F2750071D7C9 /* KonashiTests.xctest */,
			);
			name = Products;
			sourceTree = "<group>";
		};
		E91E549019C8F2750071D7C9 /* Frameworks */ = {
			isa = PBXGroup;
			children = (
				E91B713119C8F38100BC88A4 /* UIKit.framework */,
				E91E549119C8F2750071D7C9 /* Foundation.framework */,
				E91E549F19C8F2750071D7C9 /* XCTest.framework */,
				E91E54A219C8F2750071D7C9 /* UIKit.framework */,
			);
			name = Frameworks;
			sourceTree = "<group>";
		};
		E91E549319C8F2750071D7C9 /* Konashi */ = {
			isa = PBXGroup;
			children = (
				E91E549619C8F2750071D7C9 /* Konashi.h */,
				E91E549819C8F2750071D7C9 /* Konashi.m */,
				E91E54B719C8F2850071D7C9 /* Konashi+ACDrive.h */,
				E91E54B819C8F2850071D7C9 /* Konashi+ACDrive.m */,
				E91E54B919C8F2850071D7C9 /* Konashi+ADC.h */,
				E91E54BA19C8F2850071D7C9 /* Konashi+ADC.m */,
				E91E54BB19C8F2850071D7C9 /* Konashi+Grove.h */,
				E91E54BC19C8F2850071D7C9 /* Konashi+Grove.m */,
				E91E54BD19C8F2850071D7C9 /* Konashi+UI.h */,
				E91E54BE19C8F2850071D7C9 /* Konashi+UI.m */,
				E91E54BF19C8F2850071D7C9 /* KonashiDb.h */,
				E91E549419C8F2750071D7C9 /* Supporting Files */,
			);
			path = Konashi;
			sourceTree = "<group>";
		};
		E91E549419C8F2750071D7C9 /* Supporting Files */ = {
			isa = PBXGroup;
			children = (
				E91E549519C8F2750071D7C9 /* Konashi-Prefix.pch */,
			);
			name = "Supporting Files";
			sourceTree = "<group>";
		};
		E91E54A719C8F2750071D7C9 /* KonashiTests */ = {
			isa = PBXGroup;
			children = (
				E91E54AD19C8F2750071D7C9 /* KonashiTests.m */,
				E91E54A819C8F2750071D7C9 /* Supporting Files */,
			);
			path = KonashiTests;
			sourceTree = "<group>";
		};
		E91E54A819C8F2750071D7C9 /* Supporting Files */ = {
			isa = PBXGroup;
			children = (
				E91E54A919C8F2750071D7C9 /* KonashiTests-Info.plist */,
				E91E54AA19C8F2750071D7C9 /* InfoPlist.strings */,
			);
			name = "Supporting Files";
			sourceTree = "<group>";
		};
/* End PBXGroup section */

/* Begin PBXNativeTarget section */
		E91E548D19C8F2750071D7C9 /* Konashi */ = {
			isa = PBXNativeTarget;
			buildConfigurationList = E91E54B119C8F2750071D7C9 /* Build configuration list for PBXNativeTarget "Konashi" */;
			buildPhases = (
				E91E548A19C8F2750071D7C9 /* Sources */,
				E91E548B19C8F2750071D7C9 /* Frameworks */,
				E91E548C19C8F2750071D7C9 /* CopyFiles */,
			);
			buildRules = (
			);
			dependencies = (
			);
			name = Konashi;
			productName = Konashi;
			productReference = E91E548E19C8F2750071D7C9 /* libKonashi.a */;
			productType = "com.apple.product-type.library.static";
		};
		E91E549D19C8F2750071D7C9 /* KonashiTests */ = {
			isa = PBXNativeTarget;
			buildConfigurationList = E91E54B419C8F2750071D7C9 /* Build configuration list for PBXNativeTarget "KonashiTests" */;
			buildPhases = (
				E91E549A19C8F2750071D7C9 /* Sources */,
				E91E549B19C8F2750071D7C9 /* Frameworks */,
				E91E549C19C8F2750071D7C9 /* Resources */,
			);
			buildRules = (
			);
			dependencies = (
				E91E54A519C8F2750071D7C9 /* PBXTargetDependency */,
			);
			name = KonashiTests;
			productName = KonashiTests;
			productReference = E91E549E19C8F2750071D7C9 /* KonashiTests.xctest */;
			productType = "com.apple.product-type.bundle.unit-test";
		};
/* End PBXNativeTarget section */

/* Begin PBXProject section */
		E91E548619C8F2750071D7C9 /* Project object */ = {
			isa = PBXProject;
			attributes = {
				LastUpgradeCheck = 0510;
				ORGANIZATIONNAME = "Akira Matsuda";
			};
			buildConfigurationList = E91E548919C8F2750071D7C9 /* Build configuration list for PBXProject "Konashi" */;
			compatibilityVersion = "Xcode 3.2";
			developmentRegion = English;
			hasScannedForEncodings = 0;
			knownRegions = (
				en,
			);
			mainGroup = E91E548519C8F2750071D7C9;
			productRefGroup = E91E548F19C8F2750071D7C9 /* Products */;
			projectDirPath = "";
			projectRoot = "";
			targets = (
				E91E548D19C8F2750071D7C9 /* Konashi */,
				E91E549D19C8F2750071D7C9 /* KonashiTests */,
			);
		};
/* End PBXProject section */

/* Begin PBXResourcesBuildPhase section */
		E91E549C19C8F2750071D7C9 /* Resources */ = {
			isa = PBXResourcesBuildPhase;
			buildActionMask = 2147483647;
			files = (
				E91E54AC19C8F2750071D7C9 /* InfoPlist.strings in Resources */,
			);
			runOnlyForDeploymentPostprocessing = 0;
		};
/* End PBXResourcesBuildPhase section */

/* Begin PBXSourcesBuildPhase section */
		E91E548A19C8F2750071D7C9 /* Sources */ = {
			isa = PBXSourcesBuildPhase;
			buildActionMask = 2147483647;
			files = (
				E91E54C319C8F2850071D7C9 /* Konashi+UI.m in Sources */,
				E91E54C019C8F2850071D7C9 /* Konashi+ACDrive.m in Sources */,
				E91E54C219C8F2850071D7C9 /* Konashi+Grove.m in Sources */,
				E91E54C119C8F2850071D7C9 /* Konashi+ADC.m in Sources */,
				E91E549919C8F2750071D7C9 /* Konashi.m in Sources */,
			);
			runOnlyForDeploymentPostprocessing = 0;
		};
		E91E549A19C8F2750071D7C9 /* Sources */ = {
			isa = PBXSourcesBuildPhase;
			buildActionMask = 2147483647;
			files = (
				E91E54AE19C8F2750071D7C9 /* KonashiTests.m in Sources */,
			);
			runOnlyForDeploymentPostprocessing = 0;
		};
/* End PBXSourcesBuildPhase section */

/* Begin PBXTargetDependency section */
		E91E54A519C8F2750071D7C9 /* PBXTargetDependency */ = {
			isa = PBXTargetDependency;
			target = E91E548D19C8F2750071D7C9 /* Konashi */;
			targetProxy = E91E54A419C8F2750071D7C9 /* PBXContainerItemProxy */;
		};
/* End PBXTargetDependency section */

/* Begin PBXVariantGroup section */
		E91E54AA19C8F2750071D7C9 /* InfoPlist.strings */ = {
			isa = PBXVariantGroup;
			children = (
				E91E54AB19C8F2750071D7C9 /* en */,
			);
			name = InfoPlist.strings;
			sourceTree = "<group>";
		};
/* End PBXVariantGroup section */

/* Begin XCBuildConfiguration section */
		E91E54AF19C8F2750071D7C9 /* Debug */ = {
			isa = XCBuildConfiguration;
			buildSettings = {
				ALWAYS_SEARCH_USER_PATHS = NO;
				CLANG_CXX_LANGUAGE_STANDARD = "gnu++0x";
				CLANG_CXX_LIBRARY = "libc++";
				CLANG_ENABLE_MODULES = YES;
				CLANG_ENABLE_OBJC_ARC = YES;
				CLANG_WARN_BOOL_CONVERSION = YES;
				CLANG_WARN_CONSTANT_CONVERSION = YES;
				CLANG_WARN_DIRECT_OBJC_ISA_USAGE = YES_ERROR;
				CLANG_WARN_EMPTY_BODY = YES;
				CLANG_WARN_ENUM_CONVERSION = YES;
				CLANG_WARN_INT_CONVERSION = YES;
				CLANG_WARN_OBJC_ROOT_CLASS = YES_ERROR;
				CLANG_WARN__DUPLICATE_METHOD_MATCH = YES;
				COPY_PHASE_STRIP = NO;
				GCC_C_LANGUAGE_STANDARD = gnu99;
				GCC_DYNAMIC_NO_PIC = NO;
				GCC_OPTIMIZATION_LEVEL = 0;
				GCC_PREPROCESSOR_DEFINITIONS = (
					"DEBUG=1",
					"$(inherited)",
				);
				GCC_SYMBOLS_PRIVATE_EXTERN = NO;
				GCC_WARN_64_TO_32_BIT_CONVERSION = YES;
				GCC_WARN_ABOUT_RETURN_TYPE = YES_ERROR;
				GCC_WARN_UNDECLARED_SELECTOR = YES;
				GCC_WARN_UNINITIALIZED_AUTOS = YES_AGGRESSIVE;
				GCC_WARN_UNUSED_FUNCTION = YES;
				GCC_WARN_UNUSED_VARIABLE = YES;
				IPHONEOS_DEPLOYMENT_TARGET = 7.1;
				ONLY_ACTIVE_ARCH = YES;
				SDKROOT = iphoneos;
			};
			name = Debug;
		};
		E91E54B019C8F2750071D7C9 /* Release */ = {
			isa = XCBuildConfiguration;
			buildSettings = {
				ALWAYS_SEARCH_USER_PATHS = NO;
				CLANG_CXX_LANGUAGE_STANDARD = "gnu++0x";
				CLANG_CXX_LIBRARY = "libc++";
				CLANG_ENABLE_MODULES = YES;
				CLANG_ENABLE_OBJC_ARC = YES;
				CLANG_WARN_BOOL_CONVERSION = YES;
				CLANG_WARN_CONSTANT_CONVERSION = YES;
				CLANG_WARN_DIRECT_OBJC_ISA_USAGE = YES_ERROR;
				CLANG_WARN_EMPTY_BODY = YES;
				CLANG_WARN_ENUM_CONVERSION = YES;
				CLANG_WARN_INT_CONVERSION = YES;
				CLANG_WARN_OBJC_ROOT_CLASS = YES_ERROR;
				CLANG_WARN__DUPLICATE_METHOD_MATCH = YES;
				COPY_PHASE_STRIP = YES;
				ENABLE_NS_ASSERTIONS = NO;
				GCC_C_LANGUAGE_STANDARD = gnu99;
				GCC_WARN_64_TO_32_BIT_CONVERSION = YES;
				GCC_WARN_ABOUT_RETURN_TYPE = YES_ERROR;
				GCC_WARN_UNDECLARED_SELECTOR = YES;
				GCC_WARN_UNINITIALIZED_AUTOS = YES_AGGRESSIVE;
				GCC_WARN_UNUSED_FUNCTION = YES;
				GCC_WARN_UNUSED_VARIABLE = YES;
				IPHONEOS_DEPLOYMENT_TARGET = 7.1;
				SDKROOT = iphoneos;
				VALIDATE_PRODUCT = YES;
			};
			name = Release;
		};
		E91E54B219C8F2750071D7C9 /* Debug */ = {
			isa = XCBuildConfiguration;
			buildSettings = {
				DSTROOT = /tmp/Konashi.dst;
				GCC_PRECOMPILE_PREFIX_HEADER = YES;
				GCC_PREFIX_HEADER = "Konashi/Konashi-Prefix.pch";
				INSTALL_PATH = "$(BUILT_PRODUCTS_DIR)";
				OTHER_LDFLAGS = "-ObjC";
				PRODUCT_NAME = "$(TARGET_NAME)";
				PUBLIC_HEADERS_FOLDER_PATH = "$(TARGET_NAME)";
				SKIP_INSTALL = YES;
			};
			name = Debug;
		};
		E91E54B319C8F2750071D7C9 /* Release */ = {
			isa = XCBuildConfiguration;
			buildSettings = {
				DSTROOT = /tmp/Konashi.dst;
				GCC_PRECOMPILE_PREFIX_HEADER = YES;
				GCC_PREFIX_HEADER = "Konashi/Konashi-Prefix.pch";
				INSTALL_PATH = "$(BUILT_PRODUCTS_DIR)";
				OTHER_LDFLAGS = "-ObjC";
				PRODUCT_NAME = "$(TARGET_NAME)";
				PUBLIC_HEADERS_FOLDER_PATH = "$(TARGET_NAME)";
				SKIP_INSTALL = YES;
			};
			name = Release;
		};
		E91E54B519C8F2750071D7C9 /* Debug */ = {
			isa = XCBuildConfiguration;
			buildSettings = {
				FRAMEWORK_SEARCH_PATHS = (
					"$(SDKROOT)/Developer/Library/Frameworks",
					"$(inherited)",
					"$(DEVELOPER_FRAMEWORKS_DIR)",
				);
				GCC_PRECOMPILE_PREFIX_HEADER = YES;
				GCC_PREFIX_HEADER = "Konashi/Konashi-Prefix.pch";
				GCC_PREPROCESSOR_DEFINITIONS = (
					"DEBUG=1",
					"$(inherited)",
				);
				INFOPLIST_FILE = "KonashiTests/KonashiTests-Info.plist";
				PRODUCT_NAME = "$(TARGET_NAME)";
				WRAPPER_EXTENSION = xctest;
			};
			name = Debug;
		};
		E91E54B619C8F2750071D7C9 /* Release */ = {
			isa = XCBuildConfiguration;
			buildSettings = {
				FRAMEWORK_SEARCH_PATHS = (
					"$(SDKROOT)/Developer/Library/Frameworks",
					"$(inherited)",
					"$(DEVELOPER_FRAMEWORKS_DIR)",
				);
				GCC_PRECOMPILE_PREFIX_HEADER = YES;
				GCC_PREFIX_HEADER = "Konashi/Konashi-Prefix.pch";
				INFOPLIST_FILE = "KonashiTests/KonashiTests-Info.plist";
				PRODUCT_NAME = "$(TARGET_NAME)";
				WRAPPER_EXTENSION = xctest;
			};
			name = Release;
		};
/* End XCBuildConfiguration section */

/* Begin XCConfigurationList section */
		E91E548919C8F2750071D7C9 /* Build configuration list for PBXProject "Konashi" */ = {
			isa = XCConfigurationList;
			buildConfigurations = (
				E91E54AF19C8F2750071D7C9 /* Debug */,
				E91E54B019C8F2750071D7C9 /* Release */,
			);
			defaultConfigurationIsVisible = 0;
			defaultConfigurationName = Release;
		};
		E91E54B119C8F2750071D7C9 /* Build configuration list for PBXNativeTarget "Konashi" */ = {
			isa = XCConfigurationList;
			buildConfigurations = (
				E91E54B219C8F2750071D7C9 /* Debug */,
				E91E54B319C8F2750071D7C9 /* Release */,
			);
			defaultConfigurationIsVisible = 0;
			defaultConfigurationName = Release;
		};
		E91E54B419C8F2750071D7C9 /* Build configuration list for PBXNativeTarget "KonashiTests" */ = {
			isa = XCConfigurationList;
			buildConfigurations = (
				E91E54B519C8F2750071D7C9 /* Debug */,
				E91E54B619C8F2750071D7C9 /* Release */,
			);
			defaultConfigurationIsVisible = 0;
			defaultConfigurationName = Release;
		};
/* End XCConfigurationList section */
	};
	rootObject = E91E548619C8F2750071D7C9 /* Project object */;
}
